
Microsoft Visual Studio Solution File, Format Version 12.00
# Visual Studio Version 17
VisualStudioVersion = 17.3.32819.101
MinimumVisualStudioVersion = 10.0.40219.1
Project("{FAE04EC0-301F-11D3-BF4B-00C04F79EFBC}") = "Security01", "Security01.csproj", "{68B91DB0-9975-4A6C-BC9E-3A208A0C328F}"
EndProject
Global
	GlobalSection(SolutionConfigurationPlatforms) = preSolution
		Debug|Any CPU = Debug|Any CPU
		Release|Any CPU = Release|Any CPU
	EndGlobalSection
	GlobalSection(ProjectConfigurationPlatforms) = postSolution
		{68B91DB0-9975-4A6C-BC9E-3A208A0C328F}.Debug|Any CPU.ActiveCfg = Debug|Any CPU
		{68B91DB0-9975-4A6C-BC9E-3A208A0C328F}.Debug|Any CPU.Build.0 = Debug|Any CPU
		{68B91DB0-9975-4A6C-BC9E-3A208A0C328F}.Release|Any CPU.ActiveCfg = Release|Any CPU
		{68B91DB0-9975-4A6C-BC9E-3A208A0C328F}.Release|Any CPU.Build.0 = Release|Any CPU
	EndGlobalSection
	GlobalSection(SolutionProperties) = preSolution
		HideSolutionNode = FALSE
	EndGlobalSection
	GlobalSection(ExtensibilityGlobals) = postSolution
		SolutionGuid = {04090B8E-D7AA-41BD-A7AD-8EC91C27E14C}
	EndGlobalSection
EndGlobal
